// !$*UTF8*$!
{
	archiveVersion = 1;
	classes = {
	};
	objectVersion = 46;
	objects = {

/* Begin PBXFileReference section */
		38FAA3E116E5AD5800892D32 /* COPYRIGHT */ = {isa = PBXFileReference; lastKnownFileType = text; path = COPYRIGHT; sourceTree = "<group>"; };
		38FAA3E216E5AD5800892D32 /* doc */ = {isa = PBXFileReference; lastKnownFileType = folder; path = doc; sourceTree = "<group>"; };
		38FAA3E316E5AD5800892D32 /* dynasm */ = {isa = PBXFileReference; lastKnownFileType = folder; path = dynasm; sourceTree = "<group>"; };
		38FAA3E416E5AD5800892D32 /* etc */ = {isa = PBXFileReference; lastKnownFileType = folder; path = etc; sourceTree = "<group>"; };
		38FAA3E516E5AD5800892D32 /* host */ = {isa = PBXFileReference; lastKnownFileType = folder; path = host; sourceTree = "<group>"; };
		38FAA3E616E5AD5800892D32 /* jit */ = {isa = PBXFileReference; lastKnownFileType = folder; path = jit; sourceTree = "<group>"; };
		38FAA3E716E5AD5800892D32 /* Makefile */ = {isa = PBXFileReference; lastKnownFileType = sourcecode.make; path = Makefile; sourceTree = "<group>"; };
		38FAA3E816E5AD5800892D32 /* README */ = {isa = PBXFileReference; lastKnownFileType = text; path = README; sourceTree = "<group>"; };
		38FAA3E916E5AD5800892D32 /* src */ = {isa = PBXFileReference; lastKnownFileType = folder; path = src; sourceTree = "<group>"; };
/* End PBXFileReference section */

/* Begin PBXGroup section */
		38FAA3DB16E5AD5800892D32 = {
			isa = PBXGroup;
			children = (
				38FAA3E116E5AD5800892D32 /* COPYRIGHT */,
				38FAA3E216E5AD5800892D32 /* doc */,
				38FAA3E316E5AD5800892D32 /* dynasm */,
				38FAA3E416E5AD5800892D32 /* etc */,
				38FAA3E516E5AD5800892D32 /* host */,
				38FAA3E616E5AD5800892D32 /* jit */,
				38FAA3E716E5AD5800892D32 /* Makefile */,
				38FAA3E816E5AD5800892D32 /* README */,
				38FAA3E916E5AD5800892D32 /* src */,
			);
			sourceTree = "<group>";
		};
/* End PBXGroup section */

/* Begin PBXLegacyTarget section */
		38FAA3E016E5AD5800892D32 /* luajit */ = {
			isa = PBXLegacyTarget;
			buildArgumentsString = osx;
			buildConfigurationList = 38FAA3EA16E5AD5800892D32 /* Build configuration list for PBXLegacyTarget "luajit" */;
			buildPhases = (
			);
			buildToolPath = /usr/bin/make;
			buildWorkingDirectory = /Users/pcupka/Documents/BerryBots/src/luajit;
			dependencies = (
			);
			name = luajit;
			passBuildSettingsInEnvironment = 1;
			productName = luajit;
		};
/* End PBXLegacyTarget section */

/* Begin PBXProject section */
		38FAA3DC16E5AD5800892D32 /* Project object */ = {
			isa = PBXProject;
			buildConfigurationList = 38FAA3DF16E5AD5800892D32 /* Build configuration list for PBXProject "luajit" */;
			compatibilityVersion = "Xcode 3.2";
			developmentRegion = English;
			hasScannedForEncodings = 0;
			knownRegions = (
				en,
			);
			mainGroup = 38FAA3DB16E5AD5800892D32;
			projectDirPath = "";
			projectRoot = "";
			targets = (
				38FAA3E016E5AD5800892D32 /* luajit */,
			);
		};
/* End PBXProject section */

/* Begin XCBuildConfiguration section */
		38FAA3DD16E5AD5800892D32 /* Debug */ = {
			isa = XCBuildConfiguration;
			buildSettings = {
				ARCHS = "$(ARCHS_STANDARD_32_BIT)";
				COPY_PHASE_STRIP = NO;
				GCC_WARN_ABOUT_RETURN_TYPE = YES;
				GCC_WARN_UNUSED_VARIABLE = YES;
				ONLY_ACTIVE_ARCH = YES;
				SDKROOT = macosx10.6;
			};
			name = Debug;
		};
		38FAA3DE16E5AD5800892D32 /* Release */ = {
			isa = XCBuildConfiguration;
			buildSettings = {
				ARCHS = "$(ARCHS_STANDARD_32_BIT)";
				COPY_PHASE_STRIP = YES;
				GCC_WARN_ABOUT_RETURN_TYPE = YES;
				GCC_WARN_UNUSED_VARIABLE = YES;
				SDKROOT = macosx10.6;
			};
			name = Release;
		};
		38FAA3EB16E5AD5800892D32 /* Debug */ = {
			isa = XCBuildConfiguration;
			buildSettings = {
				COPY_PHASE_STRIP = NO;
				DEBUGGING_SYMBOLS = YES;
				GCC_DYNAMIC_NO_PIC = NO;
				GCC_ENABLE_FIX_AND_CONTINUE = YES;
				GCC_GENERATE_DEBUGGING_SYMBOLS = YES;
				GCC_OPTIMIZATION_LEVEL = 0;
				OTHER_CFLAGS = "";
				OTHER_LDFLAGS = "";
				PRODUCT_NAME = luajit;
			};
			name = Debug;
		};
		38FAA3EC16E5AD5800892D32 /* Release */ = {
			isa = XCBuildConfiguration;
			buildSettings = {
				COPY_PHASE_STRIP = YES;
				DEBUG_INFORMATION_FORMAT = "dwarf-with-dsym";
				GCC_ENABLE_FIX_AND_CONTINUE = NO;
				OTHER_CFLAGS = "";
				OTHER_LDFLAGS = "";
				PRODUCT_NAME = luajit;
			};
			name = Release;
		};
/* End XCBuildConfiguration section */

/* Begin XCConfigurationList section */
		38FAA3DF16E5AD5800892D32 /* Build configuration list for PBXProject "luajit" */ = {
			isa = XCConfigurationList;
			buildConfigurations = (
				38FAA3DD16E5AD5800892D32 /* Debug */,
				38FAA3DE16E5AD5800892D32 /* Release */,
			);
			defaultConfigurationIsVisible = 0;
			defaultConfigurationName = Release;
		};
		38FAA3EA16E5AD5800892D32 /* Build configuration list for PBXLegacyTarget "luajit" */ = {
			isa = XCConfigurationList;
			buildConfigurations = (
				38FAA3EB16E5AD5800892D32 /* Debug */,
				38FAA3EC16E5AD5800892D32 /* Release */,
			);
			defaultConfigurationIsVisible = 0;
			defaultConfigurationName = Release;
		};
/* End XCConfigurationList section */
	};
	rootObject = 38FAA3DC16E5AD5800892D32 /* Project object */;
}
